// !$*UTF8*$!
{
	archiveVersion = 1;
	classes = {
	};
	objectVersion = 48;
	objects = {

/* Begin PBXBuildFile section */
		B603195D1FC46D8600A6C6F6 /* AppDelegate.swift in Sources */ = {isa = PBXBuildFile; fileRef = B603195C1FC46D8600A6C6F6 /* AppDelegate.swift */; };
		B603195F1FC46D8600A6C6F6 /* ViewController.swift in Sources */ = {isa = PBXBuildFile; fileRef = B603195E1FC46D8600A6C6F6 /* ViewController.swift */; };
		B60319621FC46D8600A6C6F6 /* Main.storyboard in Resources */ = {isa = PBXBuildFile; fileRef = B60319601FC46D8600A6C6F6 /* Main.storyboard */; };
		B60319641FC46D8600A6C6F6 /* Assets.xcassets in Resources */ = {isa = PBXBuildFile; fileRef = B60319631FC46D8600A6C6F6 /* Assets.xcassets */; };
		B60319671FC46D8600A6C6F6 /* LaunchScreen.storyboard in Resources */ = {isa = PBXBuildFile; fileRef = B60319651FC46D8600A6C6F6 /* LaunchScreen.storyboard */; };
		B60319721FC46D8600A6C6F6 /* MorseLearnerTests.swift in Sources */ = {isa = PBXBuildFile; fileRef = B60319711FC46D8600A6C6F6 /* MorseLearnerTests.swift */; };
		B62657471FD54291005EF103 /* MaxScore.swift in Sources */ = {isa = PBXBuildFile; fileRef = B62657461FD54291005EF103 /* MaxScore.swift */; };
		B6333AE81FD5613100205E72 /* SettingsViewController.swift in Sources */ = {isa = PBXBuildFile; fileRef = B6333AE71FD5613100205E72 /* SettingsViewController.swift */; };
		B68F888B1FCC537C0014338E /* ReadMorseViewController.swift in Sources */ = {isa = PBXBuildFile; fileRef = B68F888A1FCC537C0014338E /* ReadMorseViewController.swift */; };
		B6976A581FC5AD7B0060C0EB /* WriteMorseViewController.swift in Sources */ = {isa = PBXBuildFile; fileRef = B6976A571FC5AD7B0060C0EB /* WriteMorseViewController.swift */; };
		B6976A5C1FC5CA830060C0EB /* MorseDecoder.swift in Sources */ = {isa = PBXBuildFile; fileRef = B6976A5B1FC5CA830060C0EB /* MorseDecoder.swift */; };
/* End PBXBuildFile section */

/* Begin PBXContainerItemProxy section */
		B603196E1FC46D8600A6C6F6 /* PBXContainerItemProxy */ = {
			isa = PBXContainerItemProxy;
			containerPortal = B60319511FC46D8600A6C6F6 /* Project object */;
			proxyType = 1;
			remoteGlobalIDString = B60319581FC46D8600A6C6F6;
			remoteInfo = MorseLearner;
		};
/* End PBXContainerItemProxy section */

/* Begin PBXFileReference section */
		B60319591FC46D8600A6C6F6 /* MorseLearner.app */ = {isa = PBXFileReference; explicitFileType = wrapper.application; includeInIndex = 0; path = MorseLearner.app; sourceTree = BUILT_PRODUCTS_DIR; };
		B603195C1FC46D8600A6C6F6 /* AppDelegate.swift */ = {isa = PBXFileReference; lastKnownFileType = sourcecode.swift; path = AppDelegate.swift; sourceTree = "<group>"; };
		B603195E1FC46D8600A6C6F6 /* ViewController.swift */ = {isa = PBXFileReference; lastKnownFileType = sourcecode.swift; path = ViewController.swift; sourceTree = "<group>"; };
		B60319611FC46D8600A6C6F6 /* Base */ = {isa = PBXFileReference; lastKnownFileType = file.storyboard; name = Base; path = Base.lproj/Main.storyboard; sourceTree = "<group>"; };
		B60319631FC46D8600A6C6F6 /* Assets.xcassets */ = {isa = PBXFileReference; lastKnownFileType = folder.assetcatalog; path = Assets.xcassets; sourceTree = "<group>"; };
		B60319661FC46D8600A6C6F6 /* Base */ = {isa = PBXFileReference; lastKnownFileType = file.storyboard; name = Base; path = Base.lproj/LaunchScreen.storyboard; sourceTree = "<group>"; };
		B60319681FC46D8600A6C6F6 /* Info.plist */ = {isa = PBXFileReference; lastKnownFileType = text.plist.xml; path = Info.plist; sourceTree = "<group>"; };
		B603196D1FC46D8600A6C6F6 /* MorseLearnerTests.xctest */ = {isa = PBXFileReference; explicitFileType = wrapper.cfbundle; includeInIndex = 0; path = MorseLearnerTests.xctest; sourceTree = BUILT_PRODUCTS_DIR; };
		B60319711FC46D8600A6C6F6 /* MorseLearnerTests.swift */ = {isa = PBXFileReference; lastKnownFileType = sourcecode.swift; path = MorseLearnerTests.swift; sourceTree = "<group>"; };
		B60319731FC46D8600A6C6F6 /* Info.plist */ = {isa = PBXFileReference; lastKnownFileType = text.plist.xml; path = Info.plist; sourceTree = "<group>"; };
		B62657461FD54291005EF103 /* MaxScore.swift */ = {isa = PBXFileReference; lastKnownFileType = sourcecode.swift; path = MaxScore.swift; sourceTree = "<group>"; };
		B6333AE71FD5613100205E72 /* SettingsViewController.swift */ = {isa = PBXFileReference; lastKnownFileType = sourcecode.swift; path = SettingsViewController.swift; sourceTree = "<group>"; };
		B68F888A1FCC537C0014338E /* ReadMorseViewController.swift */ = {isa = PBXFileReference; lastKnownFileType = sourcecode.swift; path = ReadMorseViewController.swift; sourceTree = "<group>"; };
		B6976A571FC5AD7B0060C0EB /* WriteMorseViewController.swift */ = {isa = PBXFileReference; lastKnownFileType = sourcecode.swift; path = WriteMorseViewController.swift; sourceTree = "<group>"; };
		B6976A5B1FC5CA830060C0EB /* MorseDecoder.swift */ = {isa = PBXFileReference; lastKnownFileType = sourcecode.swift; path = MorseDecoder.swift; sourceTree = "<group>"; };
/* End PBXFileReference section */

/* Begin PBXFrameworksBuildPhase section */
		B60319561FC46D8600A6C6F6 /* Frameworks */ = {
			isa = PBXFrameworksBuildPhase;
			buildActionMask = 2147483647;
			files = (
			);
			runOnlyForDeploymentPostprocessing = 0;
		};
		B603196A1FC46D8600A6C6F6 /* Frameworks */ = {
			isa = PBXFrameworksBuildPhase;
			buildActionMask = 2147483647;
			files = (
			);
			runOnlyForDeploymentPostprocessing = 0;
		};
/* End PBXFrameworksBuildPhase section */

/* Begin PBXGroup section */
		B60319501FC46D8600A6C6F6 = {
			isa = PBXGroup;
			children = (
				B6976A5B1FC5CA830060C0EB /* MorseDecoder.swift */,
				B603195B1FC46D8600A6C6F6 /* MorseLearner */,
				B60319701FC46D8600A6C6F6 /* MorseLearnerTests */,
				B603195A1FC46D8600A6C6F6 /* Products */,
			);
			sourceTree = "<group>";
		};
		B603195A1FC46D8600A6C6F6 /* Products */ = {
			isa = PBXGroup;
			children = (
				B60319591FC46D8600A6C6F6 /* MorseLearner.app */,
				B603196D1FC46D8600A6C6F6 /* MorseLearnerTests.xctest */,
			);
			name = Products;
			sourceTree = "<group>";
		};
		B603195B1FC46D8600A6C6F6 /* MorseLearner */ = {
			isa = PBXGroup;
			children = (
				B603195C1FC46D8600A6C6F6 /* AppDelegate.swift */,
				B603195E1FC46D8600A6C6F6 /* ViewController.swift */,
				B6976A571FC5AD7B0060C0EB /* WriteMorseViewController.swift */,
				B68F888A1FCC537C0014338E /* ReadMorseViewController.swift */,
				B62657461FD54291005EF103 /* MaxScore.swift */,
				B60319601FC46D8600A6C6F6 /* Main.storyboard */,
				B60319631FC46D8600A6C6F6 /* Assets.xcassets */,
				B60319651FC46D8600A6C6F6 /* LaunchScreen.storyboard */,
				B60319681FC46D8600A6C6F6 /* Info.plist */,
				B6333AE71FD5613100205E72 /* SettingsViewController.swift */,
			);
			path = MorseLearner;
			sourceTree = "<group>";
		};
		B60319701FC46D8600A6C6F6 /* MorseLearnerTests */ = {
			isa = PBXGroup;
			children = (
				B60319711FC46D8600A6C6F6 /* MorseLearnerTests.swift */,
				B60319731FC46D8600A6C6F6 /* Info.plist */,
			);
			path = MorseLearnerTests;
			sourceTree = "<group>";
		};
/* End PBXGroup section */

/* Begin PBXNativeTarget section */
		B60319581FC46D8600A6C6F6 /* MorseLearner */ = {
			isa = PBXNativeTarget;
			buildConfigurationList = B60319761FC46D8600A6C6F6 /* Build configuration list for PBXNativeTarget "MorseLearner" */;
			buildPhases = (
				B60319551FC46D8600A6C6F6 /* Sources */,
				B60319561FC46D8600A6C6F6 /* Frameworks */,
				B60319571FC46D8600A6C6F6 /* Resources */,
			);
			buildRules = (
			);
			dependencies = (
			);
			name = MorseLearner;
			productName = MorseLearner;
			productReference = B60319591FC46D8600A6C6F6 /* MorseLearner.app */;
			productType = "com.apple.product-type.application";
		};
		B603196C1FC46D8600A6C6F6 /* MorseLearnerTests */ = {
			isa = PBXNativeTarget;
			buildConfigurationList = B60319791FC46D8600A6C6F6 /* Build configuration list for PBXNativeTarget "MorseLearnerTests" */;
			buildPhases = (
				B60319691FC46D8600A6C6F6 /* Sources */,
				B603196A1FC46D8600A6C6F6 /* Frameworks */,
				B603196B1FC46D8600A6C6F6 /* Resources */,
			);
			buildRules = (
			);
			dependencies = (
				B603196F1FC46D8600A6C6F6 /* PBXTargetDependency */,
			);
			name = MorseLearnerTests;
			productName = MorseLearnerTests;
			productReference = B603196D1FC46D8600A6C6F6 /* MorseLearnerTests.xctest */;
			productType = "com.apple.product-type.bundle.unit-test";
		};
/* End PBXNativeTarget section */

/* Begin PBXProject section */
		B60319511FC46D8600A6C6F6 /* Project object */ = {
			isa = PBXProject;
			attributes = {
				LastSwiftUpdateCheck = 0900;
				LastUpgradeCheck = 0900;
				ORGANIZATIONNAME = DelaireCompany;
				TargetAttributes = {
					B60319581FC46D8600A6C6F6 = {
						CreatedOnToolsVersion = 9.0;
						ProvisioningStyle = Manual;
					};
					B603196C1FC46D8600A6C6F6 = {
						CreatedOnToolsVersion = 9.0;
						ProvisioningStyle = Automatic;
						TestTargetID = B60319581FC46D8600A6C6F6;
					};
				};
			};
			buildConfigurationList = B60319541FC46D8600A6C6F6 /* Build configuration list for PBXProject "MorseLearner" */;
			compatibilityVersion = "Xcode 8.0";
			developmentRegion = en;
			hasScannedForEncodings = 0;
			knownRegions = (
				en,
				Base,
			);
			mainGroup = B60319501FC46D8600A6C6F6;
			productRefGroup = B603195A1FC46D8600A6C6F6 /* Products */;
			projectDirPath = "";
			projectRoot = "";
			targets = (
				B60319581FC46D8600A6C6F6 /* MorseLearner */,
				B603196C1FC46D8600A6C6F6 /* MorseLearnerTests */,
			);
		};
/* End PBXProject section */

/* Begin PBXResourcesBuildPhase section */
		B60319571FC46D8600A6C6F6 /* Resources */ = {
			isa = PBXResourcesBuildPhase;
			buildActionMask = 2147483647;
			files = (
				B60319671FC46D8600A6C6F6 /* LaunchScreen.storyboard in Resources */,
				B60319641FC46D8600A6C6F6 /* Assets.xcassets in Resources */,
				B60319621FC46D8600A6C6F6 /* Main.storyboard in Resources */,
			);
			runOnlyForDeploymentPostprocessing = 0;
		};
		B603196B1FC46D8600A6C6F6 /* Resources */ = {
			isa = PBXResourcesBuildPhase;
			buildActionMask = 2147483647;
			files = (
			);
			runOnlyForDeploymentPostprocessing = 0;
		};
/* End PBXResourcesBuildPhase section */

/* Begin PBXSourcesBuildPhase section */
		B60319551FC46D8600A6C6F6 /* Sources */ = {
			isa = PBXSourcesBuildPhase;
			buildActionMask = 2147483647;
			files = (
				B603195F1FC46D8600A6C6F6 /* ViewController.swift in Sources */,
				B6976A5C1FC5CA830060C0EB /* MorseDecoder.swift in Sources */,
				B6333AE81FD5613100205E72 /* SettingsViewController.swift in Sources */,
				B68F888B1FCC537C0014338E /* ReadMorseViewController.swift in Sources */,
				B62657471FD54291005EF103 /* MaxScore.swift in Sources */,
				B6976A581FC5AD7B0060C0EB /* WriteMorseViewController.swift in Sources */,
				B603195D1FC46D8600A6C6F6 /* AppDelegate.swift in Sources */,
			);
			runOnlyForDeploymentPostprocessing = 0;
		};
		B60319691FC46D8600A6C6F6 /* Sources */ = {
			isa = PBXSourcesBuildPhase;
			buildActionMask = 2147483647;
			files = (
				B60319721FC46D8600A6C6F6 /* MorseLearnerTests.swift in Sources */,
			);
			runOnlyForDeploymentPostprocessing = 0;
		};
/* End PBXSourcesBuildPhase section */

/* Begin PBXTargetDependency section */
		B603196F1FC46D8600A6C6F6 /* PBXTargetDependency */ = {
			isa = PBXTargetDependency;
			target = B60319581FC46D8600A6C6F6 /* MorseLearner */;
			targetProxy = B603196E1FC46D8600A6C6F6 /* PBXContainerItemProxy */;
		};
/* End PBXTargetDependency section */

/* Begin PBXVariantGroup section */
		B60319601FC46D8600A6C6F6 /* Main.storyboard */ = {
			isa = PBXVariantGroup;
			children = (
				B60319611FC46D8600A6C6F6 /* Base */,
			);
			name = Main.storyboard;
			sourceTree = "<group>";
		};
		B60319651FC46D8600A6C6F6 /* LaunchScreen.storyboard */ = {
			isa = PBXVariantGroup;
			children = (
				B60319661FC46D8600A6C6F6 /* Base */,
			);
			name = LaunchScreen.storyboard;
			sourceTree = "<group>";
		};
/* End PBXVariantGroup section */

/* Begin XCBuildConfiguration section */
		B60319741FC46D8600A6C6F6 /* Debug */ = {
			isa = XCBuildConfiguration;
			buildSettings = {
				ALWAYS_SEARCH_USER_PATHS = NO;
				CLANG_ANALYZER_NONNULL = YES;
				CLANG_ANALYZER_NUMBER_OBJECT_CONVERSION = YES_AGGRESSIVE;
				CLANG_CXX_LANGUAGE_STANDARD = "gnu++14";
				CLANG_CXX_LIBRARY = "libc++";
				CLANG_ENABLE_MODULES = YES;
				CLANG_ENABLE_OBJC_ARC = YES;
				CLANG_WARN_BLOCK_CAPTURE_AUTORELEASING = YES;
				CLANG_WARN_BOOL_CONVERSION = YES;
				CLANG_WARN_COMMA = YES;
				CLANG_WARN_CONSTANT_CONVERSION = YES;
				CLANG_WARN_DIRECT_OBJC_ISA_USAGE = YES_ERROR;
				CLANG_WARN_DOCUMENTATION_COMMENTS = YES;
				CLANG_WARN_EMPTY_BODY = YES;
				CLANG_WARN_ENUM_CONVERSION = YES;
				CLANG_WARN_INFINITE_RECURSION = YES;
				CLANG_WARN_INT_CONVERSION = YES;
				CLANG_WARN_NON_LITERAL_NULL_CONVERSION = YES;
				CLANG_WARN_OBJC_LITERAL_CONVERSION = YES;
				CLANG_WARN_OBJC_ROOT_CLASS = YES_ERROR;
				CLANG_WARN_RANGE_LOOP_ANALYSIS = YES;
				CLANG_WARN_STRICT_PROTOTYPES = YES;
				CLANG_WARN_SUSPICIOUS_MOVE = YES;
				CLANG_WARN_UNGUARDED_AVAILABILITY = YES_AGGRESSIVE;
				CLANG_WARN_UNREACHABLE_CODE = YES;
				CLANG_WARN__DUPLICATE_METHOD_MATCH = YES;
				CODE_SIGN_IDENTITY = "iPhone Developer";
				COPY_PHASE_STRIP = NO;
				DEBUG_INFORMATION_FORMAT = dwarf;
				ENABLE_STRICT_OBJC_MSGSEND = YES;
				ENABLE_TESTABILITY = YES;
				GCC_C_LANGUAGE_STANDARD = gnu11;
				GCC_DYNAMIC_NO_PIC = NO;
				GCC_NO_COMMON_BLOCKS = YES;
				GCC_OPTIMIZATION_LEVEL = 0;
				GCC_PREPROCESSOR_DEFINITIONS = (
					"DEBUG=1",
					"$(inherited)",
				);
				GCC_WARN_64_TO_32_BIT_CONVERSION = YES;
				GCC_WARN_ABOUT_RETURN_TYPE = YES_ERROR;
				GCC_WARN_UNDECLARED_SELECTOR = YES;
				GCC_WARN_UNINITIALIZED_AUTOS = YES_AGGRESSIVE;
				GCC_WARN_UNUSED_FUNCTION = YES;
				GCC_WARN_UNUSED_VARIABLE = YES;
				IPHONEOS_DEPLOYMENT_TARGET = 11.0;
				MTL_ENABLE_DEBUG_INFO = YES;
				ONLY_ACTIVE_ARCH = YES;
				SDKROOT = iphoneos;
				SWIFT_ACTIVE_COMPILATION_CONDITIONS = DEBUG;
				SWIFT_OPTIMIZATION_LEVEL = "-Onone";
			};
			name = Debug;
		};
		B60319751FC46D8600A6C6F6 /* Release */ = {
			isa = XCBuildConfiguration;
			buildSettings = {
				ALWAYS_SEARCH_USER_PATHS = NO;
				CLANG_ANALYZER_NONNULL = YES;
				CLANG_ANALYZER_NUMBER_OBJECT_CONVERSION = YES_AGGRESSIVE;
				CLANG_CXX_LANGUAGE_STANDARD = "gnu++14";
				CLANG_CXX_LIBRARY = "libc++";
				CLANG_ENABLE_MODULES = YES;
				CLANG_ENABLE_OBJC_ARC = YES;
				CLANG_WARN_BLOCK_CAPTURE_AUTORELEASING = YES;
				CLANG_WARN_BOOL_CONVERSION = YES;
				CLANG_WARN_COMMA = YES;
				CLANG_WARN_CONSTANT_CONVERSION = YES;
				CLANG_WARN_DIRECT_OBJC_ISA_USAGE = YES_ERROR;
				CLANG_WARN_DOCUMENTATION_COMMENTS = YES;
				CLANG_WARN_EMPTY_BODY = YES;
				CLANG_WARN_ENUM_CONVERSION = YES;
				CLANG_WARN_INFINITE_RECURSION = YES;
				CLANG_WARN_INT_CONVERSION = YES;
				CLANG_WARN_NON_LITERAL_NULL_CONVERSION = YES;
				CLANG_WARN_OBJC_LITERAL_CONVERSION = YES;
				CLANG_WARN_OBJC_ROOT_CLASS = YES_ERROR;
				CLANG_WARN_RANGE_LOOP_ANALYSIS = YES;
				CLANG_WARN_STRICT_PROTOTYPES = YES;
				CLANG_WARN_SUSPICIOUS_MOVE = YES;
				CLANG_WARN_UNGUARDED_AVAILABILITY = YES_AGGRESSIVE;
				CLANG_WARN_UNREACHABLE_CODE = YES;
				CLANG_WARN__DUPLICATE_METHOD_MATCH = YES;
				CODE_SIGN_IDENTITY = "iPhone Developer";
				COPY_PHASE_STRIP = NO;
				DEBUG_INFORMATION_FORMAT = "dwarf-with-dsym";
				ENABLE_NS_ASSERTIONS = NO;
				ENABLE_STRICT_OBJC_MSGSEND = YES;
				GCC_C_LANGUAGE_STANDARD = gnu11;
				GCC_NO_COMMON_BLOCKS = YES;
				GCC_WARN_64_TO_32_BIT_CONVERSION = YES;
				GCC_WARN_ABOUT_RETURN_TYPE = YES_ERROR;
				GCC_WARN_UNDECLARED_SELECTOR = YES;
				GCC_WARN_UNINITIALIZED_AUTOS = YES_AGGRESSIVE;
				GCC_WARN_UNUSED_FUNCTION = YES;
				GCC_WARN_UNUSED_VARIABLE = YES;
				IPHONEOS_DEPLOYMENT_TARGET = 11.0;
				MTL_ENABLE_DEBUG_INFO = NO;
				SDKROOT = iphoneos;
				SWIFT_OPTIMIZATION_LEVEL = "-Owholemodule";
				VALIDATE_PRODUCT = YES;
			};
			name = Release;
		};
		B60319771FC46D8600A6C6F6 /* Debug */ = {
			isa = XCBuildConfiguration;
			buildSettings = {
				ASSETCATALOG_COMPILER_APPICON_NAME = AppIcon;
				CODE_SIGN_STYLE = Manual;
				DEVELOPMENT_TEAM = "";
				INFOPLIST_FILE = MorseLearner/Info.plist;
				LD_RUNPATH_SEARCH_PATHS = "$(inherited) @executable_path/Frameworks";
				PRODUCT_BUNDLE_IDENTIFIER = com.delaire.MorseLearner;
				PRODUCT_NAME = "$(TARGET_NAME)";
				PROVISIONING_PROFILE_SPECIFIER = "";
				SWIFT_VERSION = 4.0;
				TARGETED_DEVICE_FAMILY = "1,2";
			};
			name = Debug;
		};
		B60319781FC46D8600A6C6F6 /* Release */ = {
			isa = XCBuildConfiguration;
			buildSettings = {
				ASSETCATALOG_COMPILER_APPICON_NAME = AppIcon;
				CODE_SIGN_STYLE = Manual;
				DEVELOPMENT_TEAM = "";
				INFOPLIST_FILE = MorseLearner/Info.plist;
				LD_RUNPATH_SEARCH_PATHS = "$(inherited) @executable_path/Frameworks";
				PRODUCT_BUNDLE_IDENTIFIER = com.delaire.MorseLearner;
				PRODUCT_NAME = "$(TARGET_NAME)";
				PROVISIONING_PROFILE_SPECIFIER = "";
				SWIFT_VERSION = 4.0;
				TARGETED_DEVICE_FAMILY = "1,2";
			};
			name = Release;
		};
		B603197A1FC46D8600A6C6F6 /* Debug */ = {
			isa = XCBuildConfiguration;
			buildSettings = {
				ALWAYS_EMBED_SWIFT_STANDARD_LIBRARIES = YES;
				BUNDLE_LOADER = "$(TEST_HOST)";
				CODE_SIGN_STYLE = Automatic;
				INFOPLIST_FILE = MorseLearnerTests/Info.plist;
				LD_RUNPATH_SEARCH_PATHS = "$(inherited) @executable_path/Frameworks @loader_path/Frameworks";
				PRODUCT_BUNDLE_IDENTIFIER = com.delaire.MorseLearnerTests;
				PRODUCT_NAME = "$(TARGET_NAME)";
				SWIFT_VERSION = 4.0;
				TARGETED_DEVICE_FAMILY = "1,2";
				TEST_HOST = "$(BUILT_PRODUCTS_DIR)/MorseLearner.app/MorseLearner";
			};
			name = Debug;
		};
		B603197B1FC46D8600A6C6F6 /* Release */ = {
			isa = XCBuildConfiguration;
			buildSettings = {
				ALWAYS_EMBED_SWIFT_STANDARD_LIBRARIES = YES;
				BUNDLE_LOADER = "$(TEST_HOST)";
				CODE_SIGN_STYLE = Automatic;
				INFOPLIST_FILE = MorseLearnerTests/Info.plist;
				LD_RUNPATH_SEARCH_PATHS = "$(inherited) @executable_path/Frameworks @loader_path/Frameworks";
				PRODUCT_BUNDLE_IDENTIFIER = com.delaire.MorseLearnerTests;
				PRODUCT_NAME = "$(TARGET_NAME)";
				SWIFT_VERSION = 4.0;
				TARGETED_DEVICE_FAMILY = "1,2";
				TEST_HOST = "$(BUILT_PRODUCTS_DIR)/MorseLearner.app/MorseLearner";
			};
			name = Release;
		};
/* End XCBuildConfiguration section */

/* Begin XCConfigurationList section */
		B60319541FC46D8600A6C6F6 /* Build configuration list for PBXProject "MorseLearner" */ = {
			isa = XCConfigurationList;
			buildConfigurations = (
				B60319741FC46D8600A6C6F6 /* Debug */,
				B60319751FC46D8600A6C6F6 /* Release */,
			);
			defaultConfigurationIsVisible = 0;
			defaultConfigurationName = Release;
		};
		B60319761FC46D8600A6C6F6 /* Build configuration list for PBXNativeTarget "MorseLearner" */ = {
			isa = XCConfigurationList;
			buildConfigurations = (
				B60319771FC46D8600A6C6F6 /* Debug */,
				B60319781FC46D8600A6C6F6 /* Release */,
			);
			defaultConfigurationIsVisible = 0;
			defaultConfigurationName = Release;
		};
		B60319791FC46D8600A6C6F6 /* Build configuration list for PBXNativeTarget "MorseLearnerTests" */ = {
			isa = XCConfigurationList;
			buildConfigurations = (
				B603197A1FC46D8600A6C6F6 /* Debug */,
				B603197B1FC46D8600A6C6F6 /* Release */,
			);
			defaultConfigurationIsVisible = 0;
			defaultConfigurationName = Release;
		};
/* End XCConfigurationList section */
	};
	rootObject = B60319511FC46D8600A6C6F6 /* Project object */;
}
